
Microsoft Visual Studio Solution File, Format Version 12.00
# Visual Studio Version 17
VisualStudioVersion = 17.0.31903.59
MinimumVisualStudioVersion = 10.0.40219.1
Project("{FAE04EC0-301F-11D3-BF4B-00C04F79EFBC}") = "TransportControl.Core", "TransportControl.Core\TransportControl.Core.csproj", "{5ABBA28E-6466-4631-B0BF-EBE79E1C9CF1}"
EndProject
Project("{FAE04EC0-301F-11D3-BF4B-00C04F79EFBC}") = "TransportControl.Infrastructure", "TransportControl.Infrastructure\TransportControl.Infrastructure.csproj", "{31C9E04F-BC17-4E71-9A74-7946F24DF2EA}"
EndProject
Project("{FAE04EC0-301F-11D3-BF4B-00C04F79EFBC}") = "TransportControl.API", "TransportControl.API\TransportControl.API.csproj", "{6F7146B3-BB60-4FA9-B40C-521109CD72D3}"
EndProject
Global
	GlobalSection(SolutionConfigurationPlatforms) = preSolution
		Debug|Any CPU = Debug|Any CPU
		Debug|x64 = Debug|x64
		Debug|x86 = Debug|x86
		Release|Any CPU = Release|Any CPU
		Release|x64 = Release|x64
		Release|x86 = Release|x86
	EndGlobalSection
	GlobalSection(ProjectConfigurationPlatforms) = postSolution
		{5ABBA28E-6466-4631-B0BF-EBE79E1C9CF1}.Debug|Any CPU.ActiveCfg = Debug|Any CPU
		{5ABBA28E-6466-4631-B0BF-EBE79E1C9CF1}.Debug|Any CPU.Build.0 = Debug|Any CPU
		{5ABBA28E-6466-4631-B0BF-EBE79E1C9CF1}.Debug|x64.ActiveCfg = Debug|Any CPU
		{5ABBA28E-6466-4631-B0BF-EBE79E1C9CF1}.Debug|x64.Build.0 = Debug|Any CPU
		{5ABBA28E-6466-4631-B0BF-EBE79E1C9CF1}.Debug|x86.ActiveCfg = Debug|Any CPU
		{5ABBA28E-6466-4631-B0BF-EBE79E1C9CF1}.Debug|x86.Build.0 = Debug|Any CPU
		{5ABBA28E-6466-4631-B0BF-EBE79E1C9CF1}.Release|Any CPU.ActiveCfg = Release|Any CPU
		{5ABBA28E-6466-4631-B0BF-EBE79E1C9CF1}.Release|Any CPU.Build.0 = Release|Any CPU
		{5ABBA28E-6466-4631-B0BF-EBE79E1C9CF1}.Release|x64.ActiveCfg = Release|Any CPU
		{5ABBA28E-6466-4631-B0BF-EBE79E1C9CF1}.Release|x64.Build.0 = Release|Any CPU
		{5ABBA28E-6466-4631-B0BF-EBE79E1C9CF1}.Release|x86.ActiveCfg = Release|Any CPU
		{5ABBA28E-6466-4631-B0BF-EBE79E1C9CF1}.Release|x86.Build.0 = Release|Any CPU
		{31C9E04F-BC17-4E71-9A74-7946F24DF2EA}.Debug|Any CPU.ActiveCfg = Debug|Any CPU
		{31C9E04F-BC17-4E71-9A74-7946F24DF2EA}.Debug|Any CPU.Build.0 = Debug|Any CPU
		{31C9E04F-BC17-4E71-9A74-7946F24DF2EA}.Debug|x64.ActiveCfg = Debug|Any CPU
		{31C9E04F-BC17-4E71-9A74-7946F24DF2EA}.Debug|x64.Build.0 = Debug|Any CPU
		{31C9E04F-BC17-4E71-9A74-7946F24DF2EA}.Debug|x86.ActiveCfg = Debug|Any CPU
		{31C9E04F-BC17-4E71-9A74-7946F24DF2EA}.Debug|x86.Build.0 = Debug|Any CPU
		{31C9E04F-BC17-4E71-9A74-7946F24DF2EA}.Release|Any CPU.ActiveCfg = Release|Any CPU
		{31C9E04F-BC17-4E71-9A74-7946F24DF2EA}.Release|Any CPU.Build.0 = Release|Any CPU
		{31C9E04F-BC17-4E71-9A74-7946F24DF2EA}.Release|x64.ActiveCfg = Release|Any CPU
		{31C9E04F-BC17-4E71-9A74-7946F24DF2EA}.Release|x64.Build.0 = Release|Any CPU
		{31C9E04F-BC17-4E71-9A74-7946F24DF2EA}.Release|x86.ActiveCfg = Release|Any CPU
		{31C9E04F-BC17-4E71-9A74-7946F24DF2EA}.Release|x86.Build.0 = Release|Any CPU
		{6F7146B3-BB60-4FA9-B40C-521109CD72D3}.Debug|Any CPU.ActiveCfg = Debug|Any CPU
		{6F7146B3-BB60-4FA9-B40C-521109CD72D3}.Debug|Any CPU.Build.0 = Debug|Any CPU
		{6F7146B3-BB60-4FA9-B40C-521109CD72D3}.Debug|x64.ActiveCfg = Debug|Any CPU
		{6F7146B3-BB60-4FA9-B40C-521109CD72D3}.Debug|x64.Build.0 = Debug|Any CPU
		{6F7146B3-BB60-4FA9-B40C-521109CD72D3}.Debug|x86.ActiveCfg = Debug|Any CPU
		{6F7146B3-BB60-4FA9-B40C-521109CD72D3}.Debug|x86.Build.0 = Debug|Any CPU
		{6F7146B3-BB60-4FA9-B40C-521109CD72D3}.Release|Any CPU.ActiveCfg = Release|Any CPU
		{6F7146B3-BB60-4FA9-B40C-521109CD72D3}.Release|Any CPU.Build.0 = Release|Any CPU
		{6F7146B3-BB60-4FA9-B40C-521109CD72D3}.Release|x64.ActiveCfg = Release|Any CPU
		{6F7146B3-BB60-4FA9-B40C-521109CD72D3}.Release|x64.Build.0 = Release|Any CPU
		{6F7146B3-BB60-4FA9-B40C-521109CD72D3}.Release|x86.ActiveCfg = Release|Any CPU
		{6F7146B3-BB60-4FA9-B40C-521109CD72D3}.Release|x86.Build.0 = Release|Any CPU
	EndGlobalSection
	GlobalSection(SolutionProperties) = preSolution
		HideSolutionNode = FALSE
	EndGlobalSection
EndGlobal
